{
  "name": "avp-neelam.github.io",
  "lockfileVersion": 3,
  "requires": true,
  "packages": {
    "": {
      "dependencies": {
        "latex.css": "^1.12.0"
      }
    },
    "node_modules/latex.css": {
      "version": "1.12.0",
      "resolved": "https://registry.npmjs.org/latex.css/-/latex.css-1.12.0.tgz",
      "integrity": "sha512-cD5UrbvxWyjP+Mrd6ZGEbep6mQH6aEcRV4O38HQMM06v54Vp1GsQf6j/al8sdgUAAn3pQmWPWpdnOlgUpDz72Q==",
      "license": "MIT"
    }
  }
}
